Microsoft Visual Studio Solution File, Format Version 11.00
# Visual Studio 2008

Project("{B181E157-45A7-ED42-6AA6-37E27D8F6E9A}") = "HiStrangeioc2-master", "Assembly-CSharp.csproj", "{AA352351-7462-C6E0-0C79-2669B4CF3E04}"
EndProject
Global
	GlobalSection(SolutionConfigurationPlatforms) = preSolution
		Debug|Any CPU = Debug|Any CPU
		Release|Any CPU = Release|Any CPU
	EndGlobalSection
	GlobalSection(ProjectConfigurationPlatforms) = postSolution
		{AA352351-7462-C6E0-0C79-2669B4CF3E04}.Debug|Any CPU.ActiveCfg = Debug|Any CPU
		{AA352351-7462-C6E0-0C79-2669B4CF3E04}.Debug|Any CPU.Build.0 = Debug|Any CPU
		{AA352351-7462-C6E0-0C79-2669B4CF3E04}.Release|Any CPU.ActiveCfg = Release|Any CPU
		{AA352351-7462-C6E0-0C79-2669B4CF3E04}.Release|Any CPU.Build.0 = Release|Any CPU
	EndGlobalSection
	GlobalSection(SolutionProperties) = preSolution
		HideSolutionNode = FALSE
	EndGlobalSection
	GlobalSection(MonoDevelopProperties) = preSolution
		StartupItem = Assembly-CSharp.csproj
	EndGlobalSection
EndGlobal
